// !$*UTF8*$!
{
	archiveVersion = 1;
	classes = {
	};
	objectVersion = 50;
	objects = {

/* Begin PBXBuildFile section */
		285F468921184E07006A3169 /* AppDelegate.swift in Sources */ = {isa = PBXBuildFile; fileRef = 285F468821184E07006A3169 /* AppDelegate.swift */; };
		285F468B21184E07006A3169 /* ViewController.swift in Sources */ = {isa = PBXBuildFile; fileRef = 285F468A21184E07006A3169 /* ViewController.swift */; };
		285F468E21184E08006A3169 /* Main.storyboard in Resources */ = {isa = PBXBuildFile; fileRef = 285F468C21184E08006A3169 /* Main.storyboard */; };
		285F469121184E08006A3169 /* CityMap.xcdatamodeld in Sources */ = {isa = PBXBuildFile; fileRef = 285F468F21184E08006A3169 /* CityMap.xcdatamodeld */; };
		285F469321184E1B006A3169 /* Assets.xcassets in Resources */ = {isa = PBXBuildFile; fileRef = 285F469221184E1B006A3169 /* Assets.xcassets */; };
		285F469621184E1B006A3169 /* LaunchScreen.storyboard in Resources */ = {isa = PBXBuildFile; fileRef = 285F469421184E1B006A3169 /* LaunchScreen.storyboard */; };
		285F46A121184E1D006A3169 /* CityMapTests.swift in Sources */ = {isa = PBXBuildFile; fileRef = 285F46A021184E1D006A3169 /* CityMapTests.swift */; };
/* End PBXBuildFile section */

/* Begin PBXContainerItemProxy section */
		285F469D21184E1D006A3169 /* PBXContainerItemProxy */ = {
			isa = PBXContainerItemProxy;
			containerPortal = 285F467D21184E06006A3169 /* Project object */;
			proxyType = 1;
			remoteGlobalIDString = 285F468421184E07006A3169;
			remoteInfo = CityMap;
		};
/* End PBXContainerItemProxy section */

/* Begin PBXFileReference section */
		285F468521184E07006A3169 /* CityMap.app */ = {isa = PBXFileReference; explicitFileType = wrapper.application; includeInIndex = 0; path = CityMap.app; sourceTree = BUILT_PRODUCTS_DIR; };
		285F468821184E07006A3169 /* AppDelegate.swift */ = {isa = PBXFileReference; lastKnownFileType = sourcecode.swift; path = AppDelegate.swift; sourceTree = "<group>"; };
		285F468A21184E07006A3169 /* ViewController.swift */ = {isa = PBXFileReference; lastKnownFileType = sourcecode.swift; path = ViewController.swift; sourceTree = "<group>"; };
		285F468D21184E08006A3169 /* Base */ = {isa = PBXFileReference; lastKnownFileType = file.storyboard; name = Base; path = Base.lproj/Main.storyboard; sourceTree = "<group>"; };
		285F469021184E08006A3169 /* CityMap.xcdatamodel */ = {isa = PBXFileReference; lastKnownFileType = wrapper.xcdatamodel; path = CityMap.xcdatamodel; sourceTree = "<group>"; };
		285F469221184E1B006A3169 /* Assets.xcassets */ = {isa = PBXFileReference; lastKnownFileType = folder.assetcatalog; path = Assets.xcassets; sourceTree = "<group>"; };
		285F469521184E1B006A3169 /* Base */ = {isa = PBXFileReference; lastKnownFileType = file.storyboard; name = Base; path = Base.lproj/LaunchScreen.storyboard; sourceTree = "<group>"; };
		285F469721184E1C006A3169 /* Info.plist */ = {isa = PBXFileReference; lastKnownFileType = text.plist.xml; path = Info.plist; sourceTree = "<group>"; };
		285F469C21184E1D006A3169 /* CityMapTests.xctest */ = {isa = PBXFileReference; explicitFileType = wrapper.cfbundle; includeInIndex = 0; path = CityMapTests.xctest; sourceTree = BUILT_PRODUCTS_DIR; };
		285F46A021184E1D006A3169 /* CityMapTests.swift */ = {isa = PBXFileReference; lastKnownFileType = sourcecode.swift; path = CityMapTests.swift; sourceTree = "<group>"; };
		285F46A221184E1D006A3169 /* Info.plist */ = {isa = PBXFileReference; lastKnownFileType = text.plist.xml; path = Info.plist; sourceTree = "<group>"; };
/* End PBXFileReference section */

/* Begin PBXFrameworksBuildPhase section */
		285F468221184E07006A3169 /* Frameworks */ = {
			isa = PBXFrameworksBuildPhase;
			buildActionMask = 2147483647;
			files = (
			);
			runOnlyForDeploymentPostprocessing = 0;
		};
		285F469921184E1D006A3169 /* Frameworks */ = {
			isa = PBXFrameworksBuildPhase;
			buildActionMask = 2147483647;
			files = (
			);
			runOnlyForDeploymentPostprocessing = 0;
		};
/* End PBXFrameworksBuildPhase section */

/* Begin PBXGroup section */
		285F467C21184E06006A3169 = {
			isa = PBXGroup;
			children = (
				285F468721184E07006A3169 /* CityMap */,
				285F469F21184E1D006A3169 /* CityMapTests */,
				285F468621184E07006A3169 /* Products */,
			);
			sourceTree = "<group>";
		};
		285F468621184E07006A3169 /* Products */ = {
			isa = PBXGroup;
			children = (
				285F468521184E07006A3169 /* CityMap.app */,
				285F469C21184E1D006A3169 /* CityMapTests.xctest */,
			);
			name = Products;
			sourceTree = "<group>";
		};
		285F468721184E07006A3169 /* CityMap */ = {
			isa = PBXGroup;
			children = (
				285F468821184E07006A3169 /* AppDelegate.swift */,
				285F468A21184E07006A3169 /* ViewController.swift */,
				285F468C21184E08006A3169 /* Main.storyboard */,
				285F469221184E1B006A3169 /* Assets.xcassets */,
				285F469421184E1B006A3169 /* LaunchScreen.storyboard */,
				285F469721184E1C006A3169 /* Info.plist */,
				285F468F21184E08006A3169 /* CityMap.xcdatamodeld */,
			);
			path = CityMap;
			sourceTree = "<group>";
		};
		285F469F21184E1D006A3169 /* CityMapTests */ = {
			isa = PBXGroup;
			children = (
				285F46A021184E1D006A3169 /* CityMapTests.swift */,
				285F46A221184E1D006A3169 /* Info.plist */,
			);
			path = CityMapTests;
			sourceTree = "<group>";
		};
/* End PBXGroup section */

/* Begin PBXNativeTarget section */
		285F468421184E07006A3169 /* CityMap */ = {
			isa = PBXNativeTarget;
			buildConfigurationList = 285F46A521184E1D006A3169 /* Build configuration list for PBXNativeTarget "CityMap" */;
			buildPhases = (
				285F468121184E07006A3169 /* Sources */,
				285F468221184E07006A3169 /* Frameworks */,
				285F468321184E07006A3169 /* Resources */,
			);
			buildRules = (
			);
			dependencies = (
			);
			name = CityMap;
			productName = CityMap;
			productReference = 285F468521184E07006A3169 /* CityMap.app */;
			productType = "com.apple.product-type.application";
		};
		285F469B21184E1D006A3169 /* CityMapTests */ = {
			isa = PBXNativeTarget;
			buildConfigurationList = 285F46A821184E1D006A3169 /* Build configuration list for PBXNativeTarget "CityMapTests" */;
			buildPhases = (
				285F469821184E1D006A3169 /* Sources */,
				285F469921184E1D006A3169 /* Frameworks */,
				285F469A21184E1D006A3169 /* Resources */,
			);
			buildRules = (
			);
			dependencies = (
				285F469E21184E1D006A3169 /* PBXTargetDependency */,
			);
			name = CityMapTests;
			productName = CityMapTests;
			productReference = 285F469C21184E1D006A3169 /* CityMapTests.xctest */;
			productType = "com.apple.product-type.bundle.unit-test";
		};
/* End PBXNativeTarget section */

/* Begin PBXProject section */
		285F467D21184E06006A3169 /* Project object */ = {
			isa = PBXProject;
			attributes = {
				LastSwiftUpdateCheck = 0940;
				LastUpgradeCheck = 0940;
				ORGANIZATIONNAME = "Dzmitry Bosak";
				TargetAttributes = {
					285F468421184E07006A3169 = {
						CreatedOnToolsVersion = 9.4.1;
					};
					285F469B21184E1D006A3169 = {
						CreatedOnToolsVersion = 9.4.1;
						TestTargetID = 285F468421184E07006A3169;
					};
				};
			};
			buildConfigurationList = 285F468021184E06006A3169 /* Build configuration list for PBXProject "CityMap" */;
			compatibilityVersion = "Xcode 9.3";
			developmentRegion = en;
			hasScannedForEncodings = 0;
			knownRegions = (
				en,
				Base,
			);
			mainGroup = 285F467C21184E06006A3169;
			productRefGroup = 285F468621184E07006A3169 /* Products */;
			projectDirPath = "";
			projectRoot = "";
			targets = (
				285F468421184E07006A3169 /* CityMap */,
				285F469B21184E1D006A3169 /* CityMapTests */,
			);
		};
/* End PBXProject section */

/* Begin PBXResourcesBuildPhase section */
		285F468321184E07006A3169 /* Resources */ = {
			isa = PBXResourcesBuildPhase;
			buildActionMask = 2147483647;
			files = (
				285F469621184E1B006A3169 /* LaunchScreen.storyboard in Resources */,
				285F469321184E1B006A3169 /* Assets.xcassets in Resources */,
				285F468E21184E08006A3169 /* Main.storyboard in Resources */,
			);
			runOnlyForDeploymentPostprocessing = 0;
		};
		285F469A21184E1D006A3169 /* Resources */ = {
			isa = PBXResourcesBuildPhase;
			buildActionMask = 2147483647;
			files = (
			);
			runOnlyForDeploymentPostprocessing = 0;
		};
/* End PBXResourcesBuildPhase section */

/* Begin PBXSourcesBuildPhase section */
		285F468121184E07006A3169 /* Sources */ = {
			isa = PBXSourcesBuildPhase;
			buildActionMask = 2147483647;
			files = (
				285F469121184E08006A3169 /* CityMap.xcdatamodeld in Sources */,
				285F468B21184E07006A3169 /* ViewController.swift in Sources */,
				285F468921184E07006A3169 /* AppDelegate.swift in Sources */,
			);
			runOnlyForDeploymentPostprocessing = 0;
		};
		285F469821184E1D006A3169 /* Sources */ = {
			isa = PBXSourcesBuildPhase;
			buildActionMask = 2147483647;
			files = (
				285F46A121184E1D006A3169 /* CityMapTests.swift in Sources */,
			);
			runOnlyForDeploymentPostprocessing = 0;
		};
/* End PBXSourcesBuildPhase section */

/* Begin PBXTargetDependency section */
		285F469E21184E1D006A3169 /* PBXTargetDependency */ = {
			isa = PBXTargetDependency;
			target = 285F468421184E07006A3169 /* CityMap */;
			targetProxy = 285F469D21184E1D006A3169 /* PBXContainerItemProxy */;
		};
/* End PBXTargetDependency section */

/* Begin PBXVariantGroup section */
		285F468C21184E08006A3169 /* Main.storyboard */ = {
			isa = PBXVariantGroup;
			children = (
				285F468D21184E08006A3169 /* Base */,
			);
			name = Main.storyboard;
			sourceTree = "<group>";
		};
		285F469421184E1B006A3169 /* LaunchScreen.storyboard */ = {
			isa = PBXVariantGroup;
			children = (
				285F469521184E1B006A3169 /* Base */,
			);
			name = LaunchScreen.storyboard;
			sourceTree = "<group>";
		};
/* End PBXVariantGroup section */

/* Begin XCBuildConfiguration section */
		285F46A321184E1D006A3169 /* Debug */ = {
			isa = XCBuildConfiguration;
			buildSettings = {
				ALWAYS_SEARCH_USER_PATHS = NO;
				CLANG_ANALYZER_NONNULL = YES;
				CLANG_ANALYZER_NUMBER_OBJECT_CONVERSION = YES_AGGRESSIVE;
				CLANG_CXX_LANGUAGE_STANDARD = "gnu++14";
				CLANG_CXX_LIBRARY = "libc++";
				CLANG_ENABLE_MODULES = YES;
				CLANG_ENABLE_OBJC_ARC = YES;
				CLANG_ENABLE_OBJC_WEAK = YES;
				CLANG_WARN_BLOCK_CAPTURE_AUTORELEASING = YES;
				CLANG_WARN_BOOL_CONVERSION = YES;
				CLANG_WARN_COMMA = YES;
				CLANG_WARN_CONSTANT_CONVERSION = YES;
				CLANG_WARN_DEPRECATED_OBJC_IMPLEMENTATIONS = YES;
				CLANG_WARN_DIRECT_OBJC_ISA_USAGE = YES_ERROR;
				CLANG_WARN_DOCUMENTATION_COMMENTS = YES;
				CLANG_WARN_EMPTY_BODY = YES;
				CLANG_WARN_ENUM_CONVERSION = YES;
				CLANG_WARN_INFINITE_RECURSION = YES;
				CLANG_WARN_INT_CONVERSION = YES;
				CLANG_WARN_NON_LITERAL_NULL_CONVERSION = YES;
				CLANG_WARN_OBJC_IMPLICIT_RETAIN_SELF = YES;
				CLANG_WARN_OBJC_LITERAL_CONVERSION = YES;
				CLANG_WARN_OBJC_ROOT_CLASS = YES_ERROR;
				CLANG_WARN_RANGE_LOOP_ANALYSIS = YES;
				CLANG_WARN_STRICT_PROTOTYPES = YES;
				CLANG_WARN_SUSPICIOUS_MOVE = YES;
				CLANG_WARN_UNGUARDED_AVAILABILITY = YES_AGGRESSIVE;
				CLANG_WARN_UNREACHABLE_CODE = YES;
				CLANG_WARN__DUPLICATE_METHOD_MATCH = YES;
				CODE_SIGN_IDENTITY = "iPhone Developer";
				COPY_PHASE_STRIP = NO;
				DEBUG_INFORMATION_FORMAT = dwarf;
				ENABLE_STRICT_OBJC_MSGSEND = YES;
				ENABLE_TESTABILITY = YES;
				GCC_C_LANGUAGE_STANDARD = gnu11;
				GCC_DYNAMIC_NO_PIC = NO;
				GCC_NO_COMMON_BLOCKS = YES;
				GCC_OPTIMIZATION_LEVEL = 0;
				GCC_PREPROCESSOR_DEFINITIONS = (
					"DEBUG=1",
					"$(inherited)",
				);
				GCC_WARN_64_TO_32_BIT_CONVERSION = YES;
				GCC_WARN_ABOUT_RETURN_TYPE = YES_ERROR;
				GCC_WARN_UNDECLARED_SELECTOR = YES;
				GCC_WARN_UNINITIALIZED_AUTOS = YES_AGGRESSIVE;
				GCC_WARN_UNUSED_FUNCTION = YES;
				GCC_WARN_UNUSED_VARIABLE = YES;
				IPHONEOS_DEPLOYMENT_TARGET = 11.4;
				MTL_ENABLE_DEBUG_INFO = YES;
				ONLY_ACTIVE_ARCH = YES;
				SDKROOT = iphoneos;
				SWIFT_ACTIVE_COMPILATION_CONDITIONS = DEBUG;
				SWIFT_OPTIMIZATION_LEVEL = "-Onone";
			};
			name = Debug;
		};
		285F46A421184E1D006A3169 /* Release */ = {
			isa = XCBuildConfiguration;
			buildSettings = {
				ALWAYS_SEARCH_USER_PATHS = NO;
				CLANG_ANALYZER_NONNULL = YES;
				CLANG_ANALYZER_NUMBER_OBJECT_CONVERSION = YES_AGGRESSIVE;
				CLANG_CXX_LANGUAGE_STANDARD = "gnu++14";
				CLANG_CXX_LIBRARY = "libc++";
				CLANG_ENABLE_MODULES = YES;
				CLANG_ENABLE_OBJC_ARC = YES;
				CLANG_ENABLE_OBJC_WEAK = YES;
				CLANG_WARN_BLOCK_CAPTURE_AUTORELEASING = YES;
				CLANG_WARN_BOOL_CONVERSION = YES;
				CLANG_WARN_COMMA = YES;
				CLANG_WARN_CONSTANT_CONVERSION = YES;
				CLANG_WARN_DEPRECATED_OBJC_IMPLEMENTATIONS = YES;
				CLANG_WARN_DIRECT_OBJC_ISA_USAGE = YES_ERROR;
				CLANG_WARN_DOCUMENTATION_COMMENTS = YES;
				CLANG_WARN_EMPTY_BODY = YES;
				CLANG_WARN_ENUM_CONVERSION = YES;
				CLANG_WARN_INFINITE_RECURSION = YES;
				CLANG_WARN_INT_CONVERSION = YES;
				CLANG_WARN_NON_LITERAL_NULL_CONVERSION = YES;
				CLANG_WARN_OBJC_IMPLICIT_RETAIN_SELF = YES;
				CLANG_WARN_OBJC_LITERAL_CONVERSION = YES;
				CLANG_WARN_OBJC_ROOT_CLASS = YES_ERROR;
				CLANG_WARN_RANGE_LOOP_ANALYSIS = YES;
				CLANG_WARN_STRICT_PROTOTYPES = YES;
				CLANG_WARN_SUSPICIOUS_MOVE = YES;
				CLANG_WARN_UNGUARDED_AVAILABILITY = YES_AGGRESSIVE;
				CLANG_WARN_UNREACHABLE_CODE = YES;
				CLANG_WARN__DUPLICATE_METHOD_MATCH = YES;
				CODE_SIGN_IDENTITY = "iPhone Developer";
				COPY_PHASE_STRIP = NO;
				DEBUG_INFORMATION_FORMAT = "dwarf-with-dsym";
				ENABLE_NS_ASSERTIONS = NO;
				ENABLE_STRICT_OBJC_MSGSEND = YES;
				GCC_C_LANGUAGE_STANDARD = gnu11;
				GCC_NO_COMMON_BLOCKS = YES;
				GCC_WARN_64_TO_32_BIT_CONVERSION = YES;
				GCC_WARN_ABOUT_RETURN_TYPE = YES_ERROR;
				GCC_WARN_UNDECLARED_SELECTOR = YES;
				GCC_WARN_UNINITIALIZED_AUTOS = YES_AGGRESSIVE;
				GCC_WARN_UNUSED_FUNCTION = YES;
				GCC_WARN_UNUSED_VARIABLE = YES;
				IPHONEOS_DEPLOYMENT_TARGET = 11.4;
				MTL_ENABLE_DEBUG_INFO = NO;
				SDKROOT = iphoneos;
				SWIFT_COMPILATION_MODE = wholemodule;
				SWIFT_OPTIMIZATION_LEVEL = "-O";
				VALIDATE_PRODUCT = YES;
			};
			name = Release;
		};
		285F46A621184E1D006A3169 /* Debug */ = {
			isa = XCBuildConfiguration;
			buildSettings = {
				ASSETCATALOG_COMPILER_APPICON_NAME = AppIcon;
				CODE_SIGN_STYLE = Automatic;
				DEVELOPMENT_TEAM = 46JMT6GLA7;
				INFOPLIST_FILE = CityMap/Info.plist;
				LD_RUNPATH_SEARCH_PATHS = (
					"$(inherited)",
					"@executable_path/Frameworks",
				);
				PRODUCT_BUNDLE_IDENTIFIER = dzmitrybosak.CityMap;
				PRODUCT_NAME = "$(TARGET_NAME)";
				SWIFT_VERSION = 4.0;
				TARGETED_DEVICE_FAMILY = "1,2";
			};
			name = Debug;
		};
		285F46A721184E1D006A3169 /* Release */ = {
			isa = XCBuildConfiguration;
			buildSettings = {
				ASSETCATALOG_COMPILER_APPICON_NAME = AppIcon;
				CODE_SIGN_STYLE = Automatic;
				DEVELOPMENT_TEAM = 46JMT6GLA7;
				INFOPLIST_FILE = CityMap/Info.plist;
				LD_RUNPATH_SEARCH_PATHS = (
					"$(inherited)",
					"@executable_path/Frameworks",
				);
				PRODUCT_BUNDLE_IDENTIFIER = dzmitrybosak.CityMap;
				PRODUCT_NAME = "$(TARGET_NAME)";
				SWIFT_VERSION = 4.0;
				TARGETED_DEVICE_FAMILY = "1,2";
			};
			name = Release;
		};
		285F46A921184E1D006A3169 /* Debug */ = {
			isa = XCBuildConfiguration;
			buildSettings = {
				ALWAYS_EMBED_SWIFT_STANDARD_LIBRARIES = YES;
				BUNDLE_LOADER = "$(TEST_HOST)";
				CODE_SIGN_STYLE = Automatic;
				DEVELOPMENT_TEAM = 46JMT6GLA7;
				INFOPLIST_FILE = CityMapTests/Info.plist;
				LD_RUNPATH_SEARCH_PATHS = (
					"$(inherited)",
					"@executable_path/Frameworks",
					"@loader_path/Frameworks",
				);
				PRODUCT_BUNDLE_IDENTIFIER = dzmitrybosak.CityMapTests;
				PRODUCT_NAME = "$(TARGET_NAME)";
				SWIFT_VERSION = 4.0;
				TARGETED_DEVICE_FAMILY = "1,2";
				TEST_HOST = "$(BUILT_PRODUCTS_DIR)/CityMap.app/CityMap";
			};
			name = Debug;
		};
		285F46AA21184E1D006A3169 /* Release */ = {
			isa = XCBuildConfiguration;
			buildSettings = {
				ALWAYS_EMBED_SWIFT_STANDARD_LIBRARIES = YES;
				BUNDLE_LOADER = "$(TEST_HOST)";
				CODE_SIGN_STYLE = Automatic;
				DEVELOPMENT_TEAM = 46JMT6GLA7;
				INFOPLIST_FILE = CityMapTests/Info.plist;
				LD_RUNPATH_SEARCH_PATHS = (
					"$(inherited)",
					"@executable_path/Frameworks",
					"@loader_path/Frameworks",
				);
				PRODUCT_BUNDLE_IDENTIFIER = dzmitrybosak.CityMapTests;
				PRODUCT_NAME = "$(TARGET_NAME)";
				SWIFT_VERSION = 4.0;
				TARGETED_DEVICE_FAMILY = "1,2";
				TEST_HOST = "$(BUILT_PRODUCTS_DIR)/CityMap.app/CityMap";
			};
			name = Release;
		};
/* End XCBuildConfiguration section */

/* Begin XCConfigurationList section */
		285F468021184E06006A3169 /* Build configuration list for PBXProject "CityMap" */ = {
			isa = XCConfigurationList;
			buildConfigurations = (
				285F46A321184E1D006A3169 /* Debug */,
				285F46A421184E1D006A3169 /* Release */,
			);
			defaultConfigurationIsVisible = 0;
			defaultConfigurationName = Release;
		};
		285F46A521184E1D006A3169 /* Build configuration list for PBXNativeTarget "CityMap" */ = {
			isa = XCConfigurationList;
			buildConfigurations = (
				285F46A621184E1D006A3169 /* Debug */,
				285F46A721184E1D006A3169 /* Release */,
			);
			defaultConfigurationIsVisible = 0;
			defaultConfigurationName = Release;
		};
		285F46A821184E1D006A3169 /* Build configuration list for PBXNativeTarget "CityMapTests" */ = {
			isa = XCConfigurationList;
			buildConfigurations = (
				285F46A921184E1D006A3169 /* Debug */,
				285F46AA21184E1D006A3169 /* Release */,
			);
			defaultConfigurationIsVisible = 0;
			defaultConfigurationName = Release;
		};
/* End XCConfigurationList section */

/* Begin XCVersionGroup section */
		285F468F21184E08006A3169 /* CityMap.xcdatamodeld */ = {
			isa = XCVersionGroup;
			children = (
				285F469021184E08006A3169 /* CityMap.xcdatamodel */,
			);
			currentVersion = 285F469021184E08006A3169 /* CityMap.xcdatamodel */;
			path = CityMap.xcdatamodeld;
			sourceTree = "<group>";
			versionGroupType = wrapper.xcdatamodel;
		};
/* End XCVersionGroup section */
	};
	rootObject = 285F467D21184E06006A3169 /* Project object */;
}
